
Microsoft Visual Studio Solution File, Format Version 12.00
# Visual Studio Version 17
VisualStudioVersion = 17.0.32014.148
MinimumVisualStudioVersion = 10.0.40219.1
Project("{9A19103F-16F7-4668-BE54-9A1E7A4F7556}") = "F1Manager.Api", "F1Manager.Api\F1Manager.Api.csproj", "{24D980E0-C60B-4889-A614-6A3233F98EA0}"
EndProject
Project("{9A19103F-16F7-4668-BE54-9A1E7A4F7556}") = "F1Manager.Shared", "F1Manager.Shared\F1Manager.Shared.csproj", "{0F9972AB-D974-4CC1-9603-DBE51CED1613}"
EndProject
Project("{9A19103F-16F7-4668-BE54-9A1E7A4F7556}") = "F1Manager.Users", "F1Manager.Users\F1Manager.Users.csproj", "{A762A0F4-BF8E-474C-A6DA-8E4F015BB50E}"
EndProject
Project("{2150E333-8FDC-42A3-9474-1A3956D46DE8}") = "Tests", "Tests", "{D0094F22-DFA9-41F5-871E-158E2B96E57E}"
EndProject
Project("{9A19103F-16F7-4668-BE54-9A1E7A4F7556}") = "F1Manager.Users.UnitTests", "F1Manager.Users.UnitTests\F1Manager.Users.UnitTests.csproj", "{9870E349-53D9-4E2A-A3D8-2352455762ED}"
EndProject
Project("{9A19103F-16F7-4668-BE54-9A1E7A4F7556}") = "F1Manager.Teams", "F1Manager.Teams\F1Manager.Teams.csproj", "{4C6160D3-780A-4F50-82CE-0D01D204E324}"
EndProject
Project("{9A19103F-16F7-4668-BE54-9A1E7A4F7556}") = "F1Manager.Teams.UnitTests", "F1Manager.Teams.UnitTests\F1Manager.Teams.UnitTests.csproj", "{4C9113A6-9A6D-4D60-929F-BAED50820AAC}"
EndProject
Project("{9A19103F-16F7-4668-BE54-9A1E7A4F7556}") = "F1Manager.Admin", "F1Manager.Admin\F1Manager.Admin.csproj", "{8FB99EB9-D584-4E00-8B46-739E890A0F58}"
EndProject
Project("{9A19103F-16F7-4668-BE54-9A1E7A4F7556}") = "F1Manager.Leagues", "F1Manager.Leagues\F1Manager.Leagues.csproj", "{3202343D-3D76-471E-B8FB-A4744709A19C}"
EndProject
Project("{9A19103F-16F7-4668-BE54-9A1E7A4F7556}") = "F1Manager.SqlData", "F1Manager.SqlData\F1Manager.SqlData.csproj", "{EA6B64B7-7ADD-4DE0-A3F7-1EE6B91AFFBD}"
EndProject
Project("{2150E333-8FDC-42A3-9474-1A3956D46DE8}") = "Tools", "Tools", "{E3CADD10-24FB-4177-BC12-5325D93E866F}"
EndProject
Project("{9A19103F-16F7-4668-BE54-9A1E7A4F7556}") = "F1Manager.Migrations", "F1Manager.Migrations\F1Manager.Migrations.csproj", "{0B16C212-A098-4B5E-9194-456A42B725A6}"
EndProject
Project("{9A19103F-16F7-4668-BE54-9A1E7A4F7556}") = "F1Manager.PointsCalculation", "F1Manager.PointsCalculation\F1Manager.PointsCalculation.csproj", "{B6552A16-7BD2-4F8D-9D00-628B254B1CAC}"
EndProject
Project("{9A19103F-16F7-4668-BE54-9A1E7A4F7556}") = "F1Manager.Shared.Events", "F1Manager.Shared.Events\F1Manager.Shared.Events.csproj", "{D238600C-0647-4384-B793-6EAF2B6EF6D1}"
EndProject
Project("{2150E333-8FDC-42A3-9474-1A3956D46DE8}") = "Libraries", "Libraries", "{5048E50D-F627-4339-9259-40B8BC08D14B}"
EndProject
Project("{FAE04EC0-301F-11D3-BF4B-00C04F79EFBC}") = "F1Manager.Leagues.Tests", "F1Manager.Leagues.Tests\F1Manager.Leagues.Tests.csproj", "{D6002BD2-69B2-443B-8301-EC31C0A535F4}"
EndProject
Global
	GlobalSection(SolutionConfigurationPlatforms) = preSolution
		Debug|Any CPU = Debug|Any CPU
		Release|Any CPU = Release|Any CPU
	EndGlobalSection
	GlobalSection(ProjectConfigurationPlatforms) = postSolution
		{24D980E0-C60B-4889-A614-6A3233F98EA0}.Debug|Any CPU.ActiveCfg = Debug|Any CPU
		{24D980E0-C60B-4889-A614-6A3233F98EA0}.Debug|Any CPU.Build.0 = Debug|Any CPU
		{24D980E0-C60B-4889-A614-6A3233F98EA0}.Release|Any CPU.ActiveCfg = Release|Any CPU
		{24D980E0-C60B-4889-A614-6A3233F98EA0}.Release|Any CPU.Build.0 = Release|Any CPU
		{0F9972AB-D974-4CC1-9603-DBE51CED1613}.Debug|Any CPU.ActiveCfg = Debug|Any CPU
		{0F9972AB-D974-4CC1-9603-DBE51CED1613}.Debug|Any CPU.Build.0 = Debug|Any CPU
		{0F9972AB-D974-4CC1-9603-DBE51CED1613}.Release|Any CPU.ActiveCfg = Release|Any CPU
		{0F9972AB-D974-4CC1-9603-DBE51CED1613}.Release|Any CPU.Build.0 = Release|Any CPU
		{A762A0F4-BF8E-474C-A6DA-8E4F015BB50E}.Debug|Any CPU.ActiveCfg = Debug|Any CPU
		{A762A0F4-BF8E-474C-A6DA-8E4F015BB50E}.Debug|Any CPU.Build.0 = Debug|Any CPU
		{A762A0F4-BF8E-474C-A6DA-8E4F015BB50E}.Release|Any CPU.ActiveCfg = Release|Any CPU
		{A762A0F4-BF8E-474C-A6DA-8E4F015BB50E}.Release|Any CPU.Build.0 = Release|Any CPU
		{9870E349-53D9-4E2A-A3D8-2352455762ED}.Debug|Any CPU.ActiveCfg = Debug|Any CPU
		{9870E349-53D9-4E2A-A3D8-2352455762ED}.Debug|Any CPU.Build.0 = Debug|Any CPU
		{9870E349-53D9-4E2A-A3D8-2352455762ED}.Release|Any CPU.ActiveCfg = Release|Any CPU
		{9870E349-53D9-4E2A-A3D8-2352455762ED}.Release|Any CPU.Build.0 = Release|Any CPU
		{4C6160D3-780A-4F50-82CE-0D01D204E324}.Debug|Any CPU.ActiveCfg = Debug|Any CPU
		{4C6160D3-780A-4F50-82CE-0D01D204E324}.Debug|Any CPU.Build.0 = Debug|Any CPU
		{4C6160D3-780A-4F50-82CE-0D01D204E324}.Release|Any CPU.ActiveCfg = Release|Any CPU
		{4C6160D3-780A-4F50-82CE-0D01D204E324}.Release|Any CPU.Build.0 = Release|Any CPU
		{4C9113A6-9A6D-4D60-929F-BAED50820AAC}.Debug|Any CPU.ActiveCfg = Debug|Any CPU
		{4C9113A6-9A6D-4D60-929F-BAED50820AAC}.Debug|Any CPU.Build.0 = Debug|Any CPU
		{4C9113A6-9A6D-4D60-929F-BAED50820AAC}.Release|Any CPU.ActiveCfg = Release|Any CPU
		{4C9113A6-9A6D-4D60-929F-BAED50820AAC}.Release|Any CPU.Build.0 = Release|Any CPU
		{8FB99EB9-D584-4E00-8B46-739E890A0F58}.Debug|Any CPU.ActiveCfg = Debug|Any CPU
		{8FB99EB9-D584-4E00-8B46-739E890A0F58}.Debug|Any CPU.Build.0 = Debug|Any CPU
		{8FB99EB9-D584-4E00-8B46-739E890A0F58}.Release|Any CPU.ActiveCfg = Release|Any CPU
		{8FB99EB9-D584-4E00-8B46-739E890A0F58}.Release|Any CPU.Build.0 = Release|Any CPU
		{3202343D-3D76-471E-B8FB-A4744709A19C}.Debug|Any CPU.ActiveCfg = Debug|Any CPU
		{3202343D-3D76-471E-B8FB-A4744709A19C}.Debug|Any CPU.Build.0 = Debug|Any CPU
		{3202343D-3D76-471E-B8FB-A4744709A19C}.Release|Any CPU.ActiveCfg = Release|Any CPU
		{3202343D-3D76-471E-B8FB-A4744709A19C}.Release|Any CPU.Build.0 = Release|Any CPU
		{EA6B64B7-7ADD-4DE0-A3F7-1EE6B91AFFBD}.Debug|Any CPU.ActiveCfg = Debug|Any CPU
		{EA6B64B7-7ADD-4DE0-A3F7-1EE6B91AFFBD}.Debug|Any CPU.Build.0 = Debug|Any CPU
		{EA6B64B7-7ADD-4DE0-A3F7-1EE6B91AFFBD}.Release|Any CPU.ActiveCfg = Release|Any CPU
		{EA6B64B7-7ADD-4DE0-A3F7-1EE6B91AFFBD}.Release|Any CPU.Build.0 = Release|Any CPU
		{0B16C212-A098-4B5E-9194-456A42B725A6}.Debug|Any CPU.ActiveCfg = Debug|Any CPU
		{0B16C212-A098-4B5E-9194-456A42B725A6}.Debug|Any CPU.Build.0 = Debug|Any CPU
		{0B16C212-A098-4B5E-9194-456A42B725A6}.Release|Any CPU.ActiveCfg = Release|Any CPU
		{0B16C212-A098-4B5E-9194-456A42B725A6}.Release|Any CPU.Build.0 = Release|Any CPU
		{B6552A16-7BD2-4F8D-9D00-628B254B1CAC}.Debug|Any CPU.ActiveCfg = Debug|Any CPU
		{B6552A16-7BD2-4F8D-9D00-628B254B1CAC}.Debug|Any CPU.Build.0 = Debug|Any CPU
		{B6552A16-7BD2-4F8D-9D00-628B254B1CAC}.Release|Any CPU.ActiveCfg = Release|Any CPU
		{B6552A16-7BD2-4F8D-9D00-628B254B1CAC}.Release|Any CPU.Build.0 = Release|Any CPU
		{D238600C-0647-4384-B793-6EAF2B6EF6D1}.Debug|Any CPU.ActiveCfg = Debug|Any CPU
		{D238600C-0647-4384-B793-6EAF2B6EF6D1}.Debug|Any CPU.Build.0 = Debug|Any CPU
		{D238600C-0647-4384-B793-6EAF2B6EF6D1}.Release|Any CPU.ActiveCfg = Release|Any CPU
		{D238600C-0647-4384-B793-6EAF2B6EF6D1}.Release|Any CPU.Build.0 = Release|Any CPU
		{D6002BD2-69B2-443B-8301-EC31C0A535F4}.Debug|Any CPU.ActiveCfg = Debug|Any CPU
		{D6002BD2-69B2-443B-8301-EC31C0A535F4}.Debug|Any CPU.Build.0 = Debug|Any CPU
		{D6002BD2-69B2-443B-8301-EC31C0A535F4}.Release|Any CPU.ActiveCfg = Release|Any CPU
		{D6002BD2-69B2-443B-8301-EC31C0A535F4}.Release|Any CPU.Build.0 = Release|Any CPU
	EndGlobalSection
	GlobalSection(SolutionProperties) = preSolution
		HideSolutionNode = FALSE
	EndGlobalSection
	GlobalSection(NestedProjects) = preSolution
		{9870E349-53D9-4E2A-A3D8-2352455762ED} = {D0094F22-DFA9-41F5-871E-158E2B96E57E}
		{4C9113A6-9A6D-4D60-929F-BAED50820AAC} = {D0094F22-DFA9-41F5-871E-158E2B96E57E}
		{0B16C212-A098-4B5E-9194-456A42B725A6} = {E3CADD10-24FB-4177-BC12-5325D93E866F}
		{D6002BD2-69B2-443B-8301-EC31C0A535F4} = {D0094F22-DFA9-41F5-871E-158E2B96E57E}
	EndGlobalSection
	GlobalSection(ExtensibilityGlobals) = postSolution
		SolutionGuid = {9C1FFCFC-6015-425E-AA7C-E3524D7D3455}
	EndGlobalSection
EndGlobal
